{
  "version": 4,
  "terraform_version": "1.6.4",
  "serial": 21,
  "lineage": "7111c0c5-5d2a-5d32-d321-6bd0e61b9f98",
  "outputs": {
    "function_app_url": {
      "value": "diag-function-app.azurewebsites.net",
      "type": "string"
    }
  },
  "resources": [
    {
      "mode": "managed",
      "type": "random_id",
      "name": "random_id",
      "provider": "provider[\"registry.terraform.io/hashicorp/random\"]",
      "instances": [
        {
          "schema_version": 0,
          "attributes": {
            "b64_std": "6Ycv+5JMeno=",
            "b64_url": "6Ycv-5JMeno",
            "byte_length": 8,
            "dec": "16827471290230930042",
            "hex": "e9872ffb924c7a7a",
            "id": "6Ycv-5JMeno",
            "keepers": {
              "resource_group_name": "sa1_test_eic_TejalDave"
            },
            "prefix": null
          },
          "sensitive_attributes": [],
          "dependencies": [
            "module.rg.azurerm_resource_group.sa1_test_eic_TejalDave"
          ]
        }
      ]
    },
    {
      "module": "module.app_service_plan",
      "mode": "managed",
      "type": "azurerm_app_service_plan",
      "name": "app_service_plan",
      "provider": "provider[\"registry.terraform.io/hashicorp/azurerm\"]",
      "instances": [
        {
          "schema_version": 0,
          "attributes": {
            "app_service_environment_id": "",
            "id": "/subscriptions/42586c24-ddce-4fa1-8c13-82c36f97c4ce/resourceGroups/sa1_test_eic_TejalDave/providers/Microsoft.Web/serverfarms/diag-service-plan",
            "is_xenon": false,
            "kind": "functionapp",
            "location": "southeastasia",
            "maximum_elastic_worker_count": 1,
            "maximum_number_of_workers": 0,
            "name": "diag-service-plan",
            "per_site_scaling": false,
            "reserved": true,
            "resource_group_name": "sa1_test_eic_TejalDave",
            "sku": [
              {
                "capacity": 0,
                "size": "Y1",
                "tier": "Dynamic"
              }
            ],
            "tags": null,
            "timeouts": null,
            "zone_redundant": false
          },
          "sensitive_attributes": [],
          "private": "eyJlMmJmYjczMC1lY2FhLTExZTYtOGY4OC0zNDM2M2JjN2M0YzAiOnsiY3JlYXRlIjozNjAwMDAwMDAwMDAwLCJkZWxldGUiOjM2MDAwMDAwMDAwMDAsInJlYWQiOjMwMDAwMDAwMDAwMCwidXBkYXRlIjozNjAwMDAwMDAwMDAwfX0=",
          "dependencies": [
            "module.rg.azurerm_resource_group.sa1_test_eic_TejalDave"
          ]
        }
      ]
    },
    {
      "module": "module.blob",
      "mode": "managed",
      "type": "azurerm_storage_account",
      "name": "sa",
      "provider": "provider[\"registry.terraform.io/hashicorp/azurerm\"]",
      "instances": [
        {
          "schema_version": 2,
          "attributes": {
            "access_tier": "Hot",
            "account_kind": "StorageV2",
            "account_replication_type": "LRS",
            "account_tier": "Standard",
            "allow_blob_public_access": false,
            "azure_files_authentication": [],
            "blob_properties": [
              {
                "change_feed_enabled": false,
                "container_delete_retention_policy": [],
                "cors_rule": [],
                "default_service_version": "",
                "delete_retention_policy": [],
                "last_access_time_enabled": false,
                "versioning_enabled": false
              }
            ],
            "custom_domain": [],
            "customer_managed_key": [],
            "enable_https_traffic_only": true,
            "id": "/subscriptions/42586c24-ddce-4fa1-8c13-82c36f97c4ce/resourceGroups/sa1_test_eic_TejalDave/providers/Microsoft.Storage/storageAccounts/diage9872ffb924c7a7a",
            "identity": [],
            "infrastructure_encryption_enabled": false,
            "is_hns_enabled": false,
            "large_file_share_enabled": null,
            "location": "southeastasia",
            "min_tls_version": "TLS1_0",
            "name": "diage9872ffb924c7a7a",
            "network_rules": [
              {
                "bypass": [
                  "AzureServices"
                ],
                "default_action": "Allow",
                "ip_rules": [],
                "private_link_access": [],
                "virtual_network_subnet_ids": []
              }
            ],
            "nfsv3_enabled": false,
            "primary_access_key": "srjiCA5XhBP3IxuznzIpR7Y+9mOTrYTib9mDegURq9oE7kAVtf7V4MkVf3scTKs2flqbj7haoieE+AStrobpGg==",
            "primary_blob_connection_string": "DefaultEndpointsProtocol=https;BlobEndpoint=https://diage9872ffb924c7a7a.blob.core.windows.net/;AccountName=diage9872ffb924c7a7a;AccountKey=srjiCA5XhBP3IxuznzIpR7Y+9mOTrYTib9mDegURq9oE7kAVtf7V4MkVf3scTKs2flqbj7haoieE+AStrobpGg==",
            "primary_blob_endpoint": "https://diage9872ffb924c7a7a.blob.core.windows.net/",
            "primary_blob_host": "diage9872ffb924c7a7a.blob.core.windows.net",
            "primary_connection_string": "DefaultEndpointsProtocol=https;AccountName=diage9872ffb924c7a7a;AccountKey=srjiCA5XhBP3IxuznzIpR7Y+9mOTrYTib9mDegURq9oE7kAVtf7V4MkVf3scTKs2flqbj7haoieE+AStrobpGg==;EndpointSuffix=core.windows.net",
            "primary_dfs_endpoint": "https://diage9872ffb924c7a7a.dfs.core.windows.net/",
            "primary_dfs_host": "diage9872ffb924c7a7a.dfs.core.windows.net",
            "primary_file_endpoint": "https://diage9872ffb924c7a7a.file.core.windows.net/",
            "primary_file_host": "diage9872ffb924c7a7a.file.core.windows.net",
            "primary_location": "southeastasia",
            "primary_queue_endpoint": "https://diage9872ffb924c7a7a.queue.core.windows.net/",
            "primary_queue_host": "diage9872ffb924c7a7a.queue.core.windows.net",
            "primary_table_endpoint": "https://diage9872ffb924c7a7a.table.core.windows.net/",
            "primary_table_host": "diage9872ffb924c7a7a.table.core.windows.net",
            "primary_web_endpoint": "https://diage9872ffb924c7a7a.z23.web.core.windows.net/",
            "primary_web_host": "diage9872ffb924c7a7a.z23.web.core.windows.net",
            "queue_encryption_key_type": "Service",
            "queue_properties": [
              {
                "cors_rule": [],
                "hour_metrics": [
                  {
                    "enabled": true,
                    "include_apis": true,
                    "retention_policy_days": 7,
                    "version": "1.0"
                  }
                ],
                "logging": [
                  {
                    "delete": false,
                    "read": false,
                    "retention_policy_days": 0,
                    "version": "1.0",
                    "write": false
                  }
                ],
                "minute_metrics": [
                  {
                    "enabled": false,
                    "include_apis": false,
                    "retention_policy_days": 0,
                    "version": "1.0"
                  }
                ]
              }
            ],
            "resource_group_name": "sa1_test_eic_TejalDave",
            "routing": [],
            "secondary_access_key": "XDEp8HHO6UfniL2qcKjDigYhlHWTTzVPoCjtV4fZYIFw/2a5DKlcFDpgdY3Ju5uo7PQb4aFSeO8M+AStxXDmZw==",
            "secondary_blob_connection_string": "",
            "secondary_blob_endpoint": null,
            "secondary_blob_host": null,
            "secondary_connection_string": "DefaultEndpointsProtocol=https;AccountName=diage9872ffb924c7a7a;AccountKey=XDEp8HHO6UfniL2qcKjDigYhlHWTTzVPoCjtV4fZYIFw/2a5DKlcFDpgdY3Ju5uo7PQb4aFSeO8M+AStxXDmZw==;EndpointSuffix=core.windows.net",
            "secondary_dfs_endpoint": null,
            "secondary_dfs_host": null,
            "secondary_file_endpoint": null,
            "secondary_file_host": null,
            "secondary_location": "",
            "secondary_queue_endpoint": null,
            "secondary_queue_host": null,
            "secondary_table_endpoint": null,
            "secondary_table_host": null,
            "secondary_web_endpoint": null,
            "secondary_web_host": null,
            "share_properties": [
              {
                "cors_rule": [],
                "retention_policy": [
                  {
                    "days": 7
                  }
                ],
                "smb": []
              }
            ],
            "shared_access_key_enabled": true,
            "static_website": [],
            "table_encryption_key_type": "Service",
            "tags": null,
            "timeouts": null
          },
          "sensitive_attributes": [],
          "private": "eyJlMmJmYjczMC1lY2FhLTExZTYtOGY4OC0zNDM2M2JjN2M0YzAiOnsiY3JlYXRlIjozNjAwMDAwMDAwMDAwLCJkZWxldGUiOjM2MDAwMDAwMDAwMDAsInJlYWQiOjMwMDAwMDAwMDAwMCwidXBkYXRlIjozNjAwMDAwMDAwMDAwfSwic2NoZW1hX3ZlcnNpb24iOiIyIn0=",
          "dependencies": [
            "module.rg.azurerm_resource_group.sa1_test_eic_TejalDave",
            "random_id.random_id"
          ]
        }
      ]
    },
    {
      "module": "module.function",
      "mode": "managed",
      "type": "azurerm_function_app",
      "name": "function_app",
      "provider": "provider[\"registry.terraform.io/hashicorp/azurerm\"]",
      "instances": [
        {
          "schema_version": 0,
          "attributes": {
            "app_service_plan_id": "/subscriptions/42586c24-ddce-4fa1-8c13-82c36f97c4ce/resourceGroups/sa1_test_eic_TejalDave/providers/Microsoft.Web/serverfarms/diag-service-plan",
            "app_settings": {
              "APPINSIGHTS_INSTRUMENTATIONKEY": "e8b1aea2-4882-40e6-8873-86a7f5eef5f5",
              "FUNCTIONS_WORKER_RUNTIME": "Python",
              "WEBSITE_RUN_FROM_PACKAGE": ""
            },
            "auth_settings": [
              {
                "active_directory": [],
                "additional_login_params": {},
                "allowed_external_redirect_urls": [],
                "default_provider": "",
                "enabled": false,
                "facebook": [],
                "google": [],
                "issuer": "",
                "microsoft": [],
                "runtime_version": "",
                "token_refresh_extension_hours": 0,
                "token_store_enabled": false,
                "twitter": [],
                "unauthenticated_client_action": ""
              }
            ],
            "client_affinity_enabled": false,
            "client_cert_mode": "",
            "connection_string": [],
            "custom_domain_verification_id": "6ED79828A3F2162DD7E9BF4A61F3D331813802DB679632770E4552E05F8E3E59",
            "daily_memory_time_quota": 0,
            "default_hostname": "diag-function-app.azurewebsites.net",
            "enable_builtin_logging": true,
            "enabled": true,
            "https_only": false,
            "id": "/subscriptions/42586c24-ddce-4fa1-8c13-82c36f97c4ce/resourceGroups/sa1_test_eic_TejalDave/providers/Microsoft.Web/sites/diag-function-app",
            "identity": [],
            "key_vault_reference_identity_id": "SystemAssigned",
            "kind": "functionapp,linux",
            "location": "southeastasia",
            "name": "diag-function-app",
            "os_type": "linux",
            "outbound_ip_addresses": "52.187.129.179,52.187.23.154,52.163.123.89,52.230.18.200,52.187.36.104",
            "possible_outbound_ip_addresses": "52.187.129.179,52.187.23.154,52.163.123.89,52.230.18.200,20.184.9.149,20.191.136.243,20.198.207.165,20.247.250.201,20.247.250.206,20.247.251.4,20.247.251.8,20.247.251.86,20.198.149.164,20.198.150.197,20.198.150.247,20.198.151.0,20.198.151.3,20.198.151.20,52.187.36.104",
            "resource_group_name": "sa1_test_eic_TejalDave",
            "site_config": [
              {
                "always_on": false,
                "app_scale_limit": 0,
                "auto_swap_slot_name": "",
                "cors": [
                  {
                    "allowed_origins": [],
                    "support_credentials": false
                  }
                ],
                "dotnet_framework_version": "v4.0",
                "elastic_instance_minimum": 0,
                "ftps_state": "FtpsOnly",
                "health_check_path": "",
                "http2_enabled": false,
                "ip_restriction": [],
                "java_version": "",
                "linux_fx_version": "Python|3.11",
                "min_tls_version": "1.2",
                "pre_warmed_instance_count": 0,
                "runtime_scale_monitoring_enabled": false,
                "scm_ip_restriction": [],
                "scm_type": "None",
                "scm_use_main_ip_restriction": false,
                "use_32_bit_worker_process": false,
                "vnet_route_all_enabled": false,
                "websockets_enabled": false
              }
            ],
            "site_credential": [
              {
                "password": "xemAaobMXr17iuzMr6poxsdu84qa0mq0oJo8AWpvar20BrvSyaPMqFQLpStD",
                "username": "$diag-function-app"
              }
            ],
            "source_control": [
              {
                "branch": "master",
                "manual_integration": false,
                "repo_url": "",
                "rollback_enabled": false,
                "use_mercurial": false
              }
            ],
            "storage_account_access_key": "srjiCA5XhBP3IxuznzIpR7Y+9mOTrYTib9mDegURq9oE7kAVtf7V4MkVf3scTKs2flqbj7haoieE+AStrobpGg==",
            "storage_account_name": "diage9872ffb924c7a7a",
            "storage_connection_string": "DefaultEndpointsProtocol=https;AccountName=diage9872ffb924c7a7a;AccountKey=srjiCA5XhBP3IxuznzIpR7Y+9mOTrYTib9mDegURq9oE7kAVtf7V4MkVf3scTKs2flqbj7haoieE+AStrobpGg==;EndpointSuffix=core.windows.net",
            "tags": null,
            "timeouts": null,
            "version": "~4"
          },
          "sensitive_attributes": [
            [
              {
                "type": "get_attr",
                "value": "storage_account_access_key"
              }
            ],
            [
              {
                "type": "get_attr",
                "value": "app_settings"
              },
              {
                "type": "index",
                "value": {
                  "value": "APPINSIGHTS_INSTRUMENTATIONKEY",
                  "type": "string"
                }
              }
            ]
          ],
          "private": "eyJlMmJmYjczMC1lY2FhLTExZTYtOGY4OC0zNDM2M2JjN2M0YzAiOnsiY3JlYXRlIjoxODAwMDAwMDAwMDAwLCJkZWxldGUiOjE4MDAwMDAwMDAwMDAsInJlYWQiOjMwMDAwMDAwMDAwMCwidXBkYXRlIjoxODAwMDAwMDAwMDAwfX0=",
          "dependencies": [
            "module.app_service_plan.azurerm_app_service_plan.app_service_plan",
            "module.blob.azurerm_storage_account.sa",
            "module.insight.azurerm_application_insights.application_insights",
            "module.rg.azurerm_resource_group.sa1_test_eic_TejalDave",
            "random_id.random_id"
          ]
        }
      ]
    },
    {
      "module": "module.insight",
      "mode": "managed",
      "type": "azurerm_application_insights",
      "name": "application_insights",
      "provider": "provider[\"registry.terraform.io/hashicorp/azurerm\"]",
      "instances": [
        {
          "schema_version": 1,
          "attributes": {
            "app_id": "9d3c8059-d191-41a1-bfb8-5c4a698ffaa8",
            "application_type": "Node.JS",
            "connection_string": "InstrumentationKey=e8b1aea2-4882-40e6-8873-86a7f5eef5f5;IngestionEndpoint=https://southeastasia-0.in.applicationinsights.azure.com/;LiveEndpoint=https://southeastasia.livediagnostics.monitor.azure.com/",
            "daily_data_cap_in_gb": 100,
            "daily_data_cap_notifications_disabled": false,
            "disable_ip_masking": false,
            "force_customer_storage_for_profiler": false,
            "id": "/subscriptions/42586c24-ddce-4fa1-8c13-82c36f97c4ce/resourceGroups/sa1_test_eic_TejalDave/providers/Microsoft.Insights/components/application_insight",
            "instrumentation_key": "e8b1aea2-4882-40e6-8873-86a7f5eef5f5",
            "internet_ingestion_enabled": true,
            "internet_query_enabled": true,
            "local_authentication_disabled": false,
            "location": "southeastasia",
            "name": "application_insight",
            "resource_group_name": "sa1_test_eic_TejalDave",
            "retention_in_days": 90,
            "sampling_percentage": 100,
            "tags": null,
            "timeouts": null,
            "workspace_id": null
          },
          "sensitive_attributes": [],
          "private": "eyJlMmJmYjczMC1lY2FhLTExZTYtOGY4OC0zNDM2M2JjN2M0YzAiOnsiY3JlYXRlIjoxODAwMDAwMDAwMDAwLCJkZWxldGUiOjE4MDAwMDAwMDAwMDAsInJlYWQiOjMwMDAwMDAwMDAwMCwidXBkYXRlIjoxODAwMDAwMDAwMDAwfSwic2NoZW1hX3ZlcnNpb24iOiIxIn0=",
          "dependencies": [
            "module.rg.azurerm_resource_group.sa1_test_eic_TejalDave"
          ]
        }
      ]
    },
    {
      "module": "module.rg",
      "mode": "managed",
      "type": "azurerm_resource_group",
      "name": "sa1_test_eic_TejalDave",
      "provider": "provider[\"registry.terraform.io/hashicorp/azurerm\"]",
      "instances": [
        {
          "schema_version": 0,
          "attributes": {
            "id": "/subscriptions/42586c24-ddce-4fa1-8c13-82c36f97c4ce/resourceGroups/sa1_test_eic_TejalDave",
            "location": "southeastasia",
            "name": "sa1_test_eic_TejalDave",
            "tags": null,
            "timeouts": null
          },
          "sensitive_attributes": [],
          "private": "eyJlMmJmYjczMC1lY2FhLTExZTYtOGY4OC0zNDM2M2JjN2M0YzAiOnsiY3JlYXRlIjo1NDAwMDAwMDAwMDAwLCJkZWxldGUiOjU0MDAwMDAwMDAwMDAsInJlYWQiOjMwMDAwMDAwMDAwMCwidXBkYXRlIjo1NDAwMDAwMDAwMDAwfX0="
        }
      ]
    }
  ],
  "check_results": null
}
